{
  "lockfileVersion": 1,
  "configVersion": 1,
  "workspaces": {
    "": {
      "name": "@component-vista/monorepo",
      "devDependencies": {
        "lefthook": "2.0.12",
      },
    },
  },
  "packages": {
    "lefthook": ["lefthook@2.0.12", "", { "optionalDependencies": { "lefthook-darwin-arm64": "2.0.12", "lefthook-darwin-x64": "2.0.12", "lefthook-freebsd-arm64": "2.0.12", "lefthook-freebsd-x64": "2.0.12", "lefthook-linux-arm64": "2.0.12", "lefthook-linux-x64": "2.0.12", "lefthook-openbsd-arm64": "2.0.12", "lefthook-openbsd-x64": "2.0.12", "lefthook-windows-arm64": "2.0.12", "lefthook-windows-x64": "2.0.12" }, "bin": { "lefthook": "bin/index.js" } }, "sha512-I2FdA9cdnq1icwlNz4RADs7exuqe47q1N9+p2LmcP/WfchWh16mvTB82OAD7w7zK9GxblS9GpF7pASaOSl4c7A=="],

    "lefthook-darwin-arm64": ["lefthook-darwin-arm64@2.0.12", "", { "os": "darwin", "cpu": "arm64" }, "sha512-tuBz1sNLien+nKKb8BDopKjS6EnbXU8rQzhMVBY+bnVfsTiYDfbBr4wo/IzA5TcwoTL/b5somCJhljEw6DvSyg=="],

    "lefthook-darwin-x64": ["lefthook-darwin-x64@2.0.12", "", { "os": "darwin", "cpu": "x64" }, "sha512-FnuUMPPRMJyTEPXg6PotSrFJ8qf8FDLhhD1zLh74D+9Cye5j9n3lcrCQEjXubPT8du/GZLxMBjjffRbcZ8eYDA=="],

    "lefthook-freebsd-arm64": ["lefthook-freebsd-arm64@2.0.12", "", { "os": "freebsd", "cpu": "arm64" }, "sha512-DXElB0qR5e6a8cXkFNYakhwCieypbfh6Y4QG39pzMnLsG03g/nhe093o6owfiUZ4mUFyDM6+0xmy0steOooF2g=="],

    "lefthook-freebsd-x64": ["lefthook-freebsd-x64@2.0.12", "", { "os": "freebsd", "cpu": "x64" }, "sha512-iJN1ZxFeaDi4Fi3b9jcW9wgyNl19LOv2NaVOaAi/tG6mlIn196cmSdXkOA3+943ZbqbdfV9I+bBcIKwneXDA3Q=="],

    "lefthook-linux-arm64": ["lefthook-linux-arm64@2.0.12", "", { "os": "linux", "cpu": "arm64" }, "sha512-byvmO4Iri6P0COwM8c3lGgeCV3Q0hh1XJpRfrcZDr4Wslq9O63t6J3T6i87oOtY+UjC9pXLl6xGk6hlUcHZ3BQ=="],

    "lefthook-linux-x64": ["lefthook-linux-x64@2.0.12", "", { "os": "linux", "cpu": "x64" }, "sha512-KBaiinmf336rA+/dmYs7H7TTeAOByB0CyLA7k8IecTCuaiuKr6ez7ktSjht19poa5G+V0mts4GgEGcx6HViR0w=="],

    "lefthook-openbsd-arm64": ["lefthook-openbsd-arm64@2.0.12", "", { "os": "openbsd", "cpu": "arm64" }, "sha512-1QBMXX1UW5rtgC4TB52OKWB7Rz/kCBRB+bKKLT/gDD79aPzLgJANTitQQzgFNIWoa7aM9UvzvIAJzOo6FcFIbg=="],

    "lefthook-openbsd-x64": ["lefthook-openbsd-x64@2.0.12", "", { "os": "openbsd", "cpu": "x64" }, "sha512-zPcvUzs65GexRA37UHmaZqWuEGSU/zpBaPIY98MybXzzcJfCIf+O0oUQe2riMllwYGvNW0B1y3NOYRziDNe/vA=="],

    "lefthook-windows-arm64": ["lefthook-windows-arm64@2.0.12", "", { "os": "win32", "cpu": "arm64" }, "sha512-kgwxguS2GssoHM4SMTp+ArD/Gjg9q5MinD6iI5vSFpuJygD13ZWiXQQfESMHq9y/v1XkD0BdHTJej49dx8P+Vw=="],

    "lefthook-windows-x64": ["lefthook-windows-x64@2.0.12", "", { "os": "win32", "cpu": "x64" }, "sha512-Tf/VtSOtF3rBTc9dzRWROa+HuhqaiIV+Xp+1gzlx5+uCueLM0m87Rz6yd4IN5mL7TrDaNkiRXI3FvjCp0dUE4Q=="],
  }
}
